{
  "name": "jhi-weborder-mock",
  "version": "1.0.0",
  "lockfileVersion": 2,
  "requires": true,
  "packages": {
    "": {
      "name": "jhi-weborder-mock",
      "version": "1.0.0",
      "license": "ISC",
      "dependencies": {
        "@faker-js/faker": "^6.3.1",
        "@types/node": "^17.0.33"
      }
    },
    "node_modules/@faker-js/faker": {
      "version": "6.3.1",
      "resolved": "https://registry.npmjs.org/@faker-js/faker/-/faker-6.3.1.tgz",
      "integrity": "sha512-8YXBE2ZcU/pImVOHX7MWrSR/X5up7t6rPWZlk34RwZEcdr3ua6X+32pSd6XuOQRN+vbuvYNfA6iey8NbrjuMFQ==",
      "engines": {
        "node": ">=14.0.0",
        "npm": ">=6.0.0"
      }
    },
    "node_modules/@types/node": {
      "version": "17.0.33",
      "resolved": "https://registry.npmjs.org/@types/node/-/node-17.0.33.tgz",
      "integrity": "sha512-miWq2m2FiQZmaHfdZNcbpp9PuXg34W5JZ5CrJ/BaS70VuhoJENBEQybeiYSaPBRNq6KQGnjfEnc/F3PN++D+XQ=="
    }
  },
  "dependencies": {
    "@faker-js/faker": {
      "version": "6.3.1",
      "resolved": "https://registry.npmjs.org/@faker-js/faker/-/faker-6.3.1.tgz",
      "integrity": "sha512-8YXBE2ZcU/pImVOHX7MWrSR/X5up7t6rPWZlk34RwZEcdr3ua6X+32pSd6XuOQRN+vbuvYNfA6iey8NbrjuMFQ=="
    },
    "@types/node": {
      "version": "17.0.33",
      "resolved": "https://registry.npmjs.org/@types/node/-/node-17.0.33.tgz",
      "integrity": "sha512-miWq2m2FiQZmaHfdZNcbpp9PuXg34W5JZ5CrJ/BaS70VuhoJENBEQybeiYSaPBRNq6KQGnjfEnc/F3PN++D+XQ=="
    }
  }
}
